
Microsoft Visual Studio Solution File, Format Version 12.00
# Visual Studio Version 17
VisualStudioVersion = 17.0.31903.59
MinimumVisualStudioVersion = 10.0.40219.1
Project("{9A19103F-16F7-4668-BE54-9A1E7A4F7556}") = "PlaywrightTests", "PlaywrightTests\PlaywrightTests.csproj", "{5EA44B73-1C2B-4DD1-B682-8E366A71E7FC}"
EndProject
Project("{2150E333-8FDC-42A3-9474-1A3956D46DE8}") = "Solution Items", "Solution Items", "{7840BBC9-12CD-40C5-A416-E9EB5F1556C5}"
	ProjectSection(SolutionItems) = preProject
		.editorconfig = .editorconfig
		.gitignore = .gitignore
		build.ps1 = build.ps1
		CODE_OF_CONDUCT.md = CODE_OF_CONDUCT.md
		global.json = global.json
		LICENSE = LICENSE
		NuGet.config = NuGet.config
		README.md = README.md
	EndProjectSection
EndProject
Project("{2150E333-8FDC-42A3-9474-1A3956D46DE8}") = ".github", ".github", "{EDD992DA-062D-4D22-903A-0B024DEB584C}"
	ProjectSection(SolutionItems) = preProject
		.github\CONTRIBUTING.md = .github\CONTRIBUTING.md
		.github\dependabot.yml = .github\dependabot.yml
		.github\FUNDING.yml = .github\FUNDING.yml
		.github\ISSUE_TEMPLATE.md = .github\ISSUE_TEMPLATE.md
		.github\PULL_REQUEST_TEMPLATE.md = .github\PULL_REQUEST_TEMPLATE.md
	EndProjectSection
EndProject
Project("{2150E333-8FDC-42A3-9474-1A3956D46DE8}") = "workflows", "workflows", "{9C344665-5819-4546-98DF-5D5AB72F2F25}"
	ProjectSection(SolutionItems) = preProject
		.github\workflows\build.yml = .github\workflows\build.yml
		.github\workflows\update-dotnet-sdk.yml = .github\workflows\update-dotnet-sdk.yml
	EndProjectSection
EndProject
Project("{2150E333-8FDC-42A3-9474-1A3956D46DE8}") = "ISSUE_TEMPLATE", "ISSUE_TEMPLATE", "{F0D79B42-C505-4D26-A222-3E02CF769AE4}"
	ProjectSection(SolutionItems) = preProject
		.github\ISSUE_TEMPLATE\bug_report.md = .github\ISSUE_TEMPLATE\bug_report.md
		.github\ISSUE_TEMPLATE\feature_request.md = .github\ISSUE_TEMPLATE\feature_request.md
	EndProjectSection
EndProject
Project("{2150E333-8FDC-42A3-9474-1A3956D46DE8}") = ".vscode", ".vscode", "{E854CBCB-D39E-4FBB-9850-A9C560D1859F}"
	ProjectSection(SolutionItems) = preProject
		.vscode\extensions.json = .vscode\extensions.json
		.vscode\launch.json = .vscode\launch.json
		.vscode\settings.json = .vscode\settings.json
		.vscode\tasks.json = .vscode\tasks.json
	EndProjectSection
EndProject
Project("{2150E333-8FDC-42A3-9474-1A3956D46DE8}") = ".devcontainer", ".devcontainer", "{48E13FC1-1666-4EC0-B94B-D41313C04F31}"
	ProjectSection(SolutionItems) = preProject
		.devcontainer\devcontainer.json = .devcontainer\devcontainer.json
		.devcontainer\Dockerfile = .devcontainer\Dockerfile
	EndProjectSection
EndProject
Global
	GlobalSection(SolutionConfigurationPlatforms) = preSolution
		Debug|Any CPU = Debug|Any CPU
		Release|Any CPU = Release|Any CPU
	EndGlobalSection
	GlobalSection(ProjectConfigurationPlatforms) = postSolution
		{5EA44B73-1C2B-4DD1-B682-8E366A71E7FC}.Debug|Any CPU.ActiveCfg = Debug|Any CPU
		{5EA44B73-1C2B-4DD1-B682-8E366A71E7FC}.Debug|Any CPU.Build.0 = Debug|Any CPU
		{5EA44B73-1C2B-4DD1-B682-8E366A71E7FC}.Release|Any CPU.ActiveCfg = Release|Any CPU
		{5EA44B73-1C2B-4DD1-B682-8E366A71E7FC}.Release|Any CPU.Build.0 = Release|Any CPU
	EndGlobalSection
	GlobalSection(SolutionProperties) = preSolution
		HideSolutionNode = FALSE
	EndGlobalSection
	GlobalSection(NestedProjects) = preSolution
		{EDD992DA-062D-4D22-903A-0B024DEB584C} = {7840BBC9-12CD-40C5-A416-E9EB5F1556C5}
		{9C344665-5819-4546-98DF-5D5AB72F2F25} = {EDD992DA-062D-4D22-903A-0B024DEB584C}
		{F0D79B42-C505-4D26-A222-3E02CF769AE4} = {EDD992DA-062D-4D22-903A-0B024DEB584C}
		{E854CBCB-D39E-4FBB-9850-A9C560D1859F} = {7840BBC9-12CD-40C5-A416-E9EB5F1556C5}
		{48E13FC1-1666-4EC0-B94B-D41313C04F31} = {7840BBC9-12CD-40C5-A416-E9EB5F1556C5}
	EndGlobalSection
	GlobalSection(ExtensibilityGlobals) = postSolution
		SolutionGuid = {6B5536C5-C921-4061-81F5-242B17F6C38B}
	EndGlobalSection
EndGlobal
